
Microsoft Visual Studio Solution File, Format Version 12.00
# Visual Studio Version 16
VisualStudioVersion = 16.0.30128.74
MinimumVisualStudioVersion = 10.0.40219.1
Project("{8BC9CEB8-8B4A-11D0-8D11-00A0C91BC942}") = "R6Updater", "R6Updater\R6Updater.vcxproj", "{6E86D5BE-1D48-4D72-8FEB-28C902D73EB3}"
EndProject
Global
	GlobalSection(SolutionConfigurationPlatforms) = preSolution
		Debug|x64 = Debug|x64
		Debug|x86 = Debug|x86
		Release|x64 = Release|x64
		Release|x86 = Release|x86
	EndGlobalSection
	GlobalSection(ProjectConfigurationPlatforms) = postSolution
		{6E86D5BE-1D48-4D72-8FEB-28C902D73EB3}.Debug|x64.ActiveCfg = Debug|x64
		{6E86D5BE-1D48-4D72-8FEB-28C902D73EB3}.Debug|x64.Build.0 = Debug|x64
		{6E86D5BE-1D48-4D72-8FEB-28C902D73EB3}.Debug|x86.ActiveCfg = Debug|Win32
		{6E86D5BE-1D48-4D72-8FEB-28C902D73EB3}.Debug|x86.Build.0 = Debug|Win32
		{6E86D5BE-1D48-4D72-8FEB-28C902D73EB3}.Release|x64.ActiveCfg = Release|x64
		{6E86D5BE-1D48-4D72-8FEB-28C902D73EB3}.Release|x64.Build.0 = Release|x64
		{6E86D5BE-1D48-4D72-8FEB-28C902D73EB3}.Release|x86.ActiveCfg = Release|Win32
		{6E86D5BE-1D48-4D72-8FEB-28C902D73EB3}.Release|x86.Build.0 = Release|Win32
	EndGlobalSection
	GlobalSection(SolutionProperties) = preSolution
		HideSolutionNode = FALSE
	EndGlobalSection
	GlobalSection(ExtensibilityGlobals) = postSolution
		SolutionGuid = {EFD59550-8A95-4E50-9A66-7D4AB16B46C3}
	EndGlobalSection
EndGlobal
